
Microsoft Visual Studio Solution File, Format Version 12.00
# Visual Studio Version 17
VisualStudioVersion = 17.5.002.0
MinimumVisualStudioVersion = 10.0.40219.1
Project("{2150E333-8FDC-42A3-9474-1A3956D46DE8}") = "src", "src", "{59EC0BB4-31FA-4077-B16E-F83BAB2854B9}"
EndProject
Project("{9A19103F-16F7-4668-BE54-9A1E7A4F7556}") = "TodoApi", "src\TodoApi\TodoApi.csproj", "{BDFB602A-C008-4BDC-84F9-B43BA8D4CE3F}"
EndProject
Global
	GlobalSection(SolutionConfigurationPlatforms) = preSolution
		Debug|Any CPU = Debug|Any CPU
		Release|Any CPU = Release|Any CPU
	EndGlobalSection
	GlobalSection(ProjectConfigurationPlatforms) = postSolution
		{BDFB602A-C008-4BDC-84F9-B43BA8D4CE3F}.Debug|Any CPU.ActiveCfg = Debug|Any CPU
		{BDFB602A-C008-4BDC-84F9-B43BA8D4CE3F}.Debug|Any CPU.Build.0 = Debug|Any CPU
		{BDFB602A-C008-4BDC-84F9-B43BA8D4CE3F}.Release|Any CPU.ActiveCfg = Release|Any CPU
		{BDFB602A-C008-4BDC-84F9-B43BA8D4CE3F}.Release|Any CPU.Build.0 = Release|Any CPU
	EndGlobalSection
	GlobalSection(SolutionProperties) = preSolution
		HideSolutionNode = FALSE
	EndGlobalSection
	GlobalSection(NestedProjects) = preSolution
		{BDFB602A-C008-4BDC-84F9-B43BA8D4CE3F} = {59EC0BB4-31FA-4077-B16E-F83BAB2854B9}
	EndGlobalSection
	GlobalSection(ExtensibilityGlobals) = postSolution
		SolutionGuid = {DF075591-2BBC-4989-A44E-6C2EAB8251C7}
	EndGlobalSection
EndGlobal
